// !$*UTF8*$!
{
	archiveVersion = 1;
	classes = {
	};
	objectVersion = 50;
	objects = {

/* Begin PBXBuildFile section */
		D0E38E792204CB02009774E8 /* AppDelegate.swift in Sources */ = {isa = PBXBuildFile; fileRef = D0E38E782204CB02009774E8 /* AppDelegate.swift */; };
		D0E38E7B2204CB02009774E8 /* BaseViewController.swift in Sources */ = {isa = PBXBuildFile; fileRef = D0E38E7A2204CB02009774E8 /* BaseViewController.swift */; };
		D0E38E802204CB05009774E8 /* Assets.xcassets in Resources */ = {isa = PBXBuildFile; fileRef = D0E38E7F2204CB05009774E8 /* Assets.xcassets */; };
		D0E38E832204CB05009774E8 /* LaunchScreen.storyboard in Resources */ = {isa = PBXBuildFile; fileRef = D0E38E812204CB05009774E8 /* LaunchScreen.storyboard */; };
		D0E38E8E2204CB05009774E8 /* Fit_LyfeTests.swift in Sources */ = {isa = PBXBuildFile; fileRef = D0E38E8D2204CB05009774E8 /* Fit_LyfeTests.swift */; };
		D0E38E992204CB05009774E8 /* Fit_LyfeUITests.swift in Sources */ = {isa = PBXBuildFile; fileRef = D0E38E982204CB05009774E8 /* Fit_LyfeUITests.swift */; };
		D0E38EA7220E60C9009774E8 /* HomePageVC.swift in Sources */ = {isa = PBXBuildFile; fileRef = D0E38EA6220E60C9009774E8 /* HomePageVC.swift */; };
/* End PBXBuildFile section */

/* Begin PBXContainerItemProxy section */
		D0E38E8A2204CB05009774E8 /* PBXContainerItemProxy */ = {
			isa = PBXContainerItemProxy;
			containerPortal = D0E38E6D2204CB02009774E8 /* Project object */;
			proxyType = 1;
			remoteGlobalIDString = D0E38E742204CB02009774E8;
			remoteInfo = "Fit Lyfe";
		};
		D0E38E952204CB05009774E8 /* PBXContainerItemProxy */ = {
			isa = PBXContainerItemProxy;
			containerPortal = D0E38E6D2204CB02009774E8 /* Project object */;
			proxyType = 1;
			remoteGlobalIDString = D0E38E742204CB02009774E8;
			remoteInfo = "Fit Lyfe";
		};
/* End PBXContainerItemProxy section */

/* Begin PBXFileReference section */
		D0E38E752204CB02009774E8 /* Fit Lyfe.app */ = {isa = PBXFileReference; explicitFileType = wrapper.application; includeInIndex = 0; path = "Fit Lyfe.app"; sourceTree = BUILT_PRODUCTS_DIR; };
		D0E38E782204CB02009774E8 /* AppDelegate.swift */ = {isa = PBXFileReference; lastKnownFileType = sourcecode.swift; path = AppDelegate.swift; sourceTree = "<group>"; };
		D0E38E7A2204CB02009774E8 /* BaseViewController.swift */ = {isa = PBXFileReference; lastKnownFileType = sourcecode.swift; path = BaseViewController.swift; sourceTree = "<group>"; };
		D0E38E7F2204CB05009774E8 /* Assets.xcassets */ = {isa = PBXFileReference; lastKnownFileType = folder.assetcatalog; path = Assets.xcassets; sourceTree = "<group>"; };
		D0E38E822204CB05009774E8 /* Base */ = {isa = PBXFileReference; lastKnownFileType = file.storyboard; name = Base; path = Base.lproj/LaunchScreen.storyboard; sourceTree = "<group>"; };
		D0E38E842204CB05009774E8 /* Info.plist */ = {isa = PBXFileReference; lastKnownFileType = text.plist.xml; path = Info.plist; sourceTree = "<group>"; };
		D0E38E892204CB05009774E8 /* Fit LyfeTests.xctest */ = {isa = PBXFileReference; explicitFileType = wrapper.cfbundle; includeInIndex = 0; path = "Fit LyfeTests.xctest"; sourceTree = BUILT_PRODUCTS_DIR; };
		D0E38E8D2204CB05009774E8 /* Fit_LyfeTests.swift */ = {isa = PBXFileReference; lastKnownFileType = sourcecode.swift; path = Fit_LyfeTests.swift; sourceTree = "<group>"; };
		D0E38E8F2204CB05009774E8 /* Info.plist */ = {isa = PBXFileReference; lastKnownFileType = text.plist.xml; path = Info.plist; sourceTree = "<group>"; };
		D0E38E942204CB05009774E8 /* Fit LyfeUITests.xctest */ = {isa = PBXFileReference; explicitFileType = wrapper.cfbundle; includeInIndex = 0; path = "Fit LyfeUITests.xctest"; sourceTree = BUILT_PRODUCTS_DIR; };
		D0E38E982204CB05009774E8 /* Fit_LyfeUITests.swift */ = {isa = PBXFileReference; lastKnownFileType = sourcecode.swift; path = Fit_LyfeUITests.swift; sourceTree = "<group>"; };
		D0E38E9A2204CB05009774E8 /* Info.plist */ = {isa = PBXFileReference; lastKnownFileType = text.plist.xml; path = Info.plist; sourceTree = "<group>"; };
		D0E38EA6220E60C9009774E8 /* HomePageVC.swift */ = {isa = PBXFileReference; lastKnownFileType = sourcecode.swift; path = HomePageVC.swift; sourceTree = "<group>"; };
/* End PBXFileReference section */

/* Begin PBXFrameworksBuildPhase section */
		D0E38E722204CB02009774E8 /* Frameworks */ = {
			isa = PBXFrameworksBuildPhase;
			buildActionMask = 2147483647;
			files = (
			);
			runOnlyForDeploymentPostprocessing = 0;
		};
		D0E38E862204CB05009774E8 /* Frameworks */ = {
			isa = PBXFrameworksBuildPhase;
			buildActionMask = 2147483647;
			files = (
			);
			runOnlyForDeploymentPostprocessing = 0;
		};
		D0E38E912204CB05009774E8 /* Frameworks */ = {
			isa = PBXFrameworksBuildPhase;
			buildActionMask = 2147483647;
			files = (
			);
			runOnlyForDeploymentPostprocessing = 0;
		};
/* End PBXFrameworksBuildPhase section */

/* Begin PBXGroup section */
		D0E38E6C2204CB02009774E8 = {
			isa = PBXGroup;
			children = (
				D0E38E772204CB02009774E8 /* Fit Lyfe */,
				D0E38E8C2204CB05009774E8 /* Fit LyfeTests */,
				D0E38E972204CB05009774E8 /* Fit LyfeUITests */,
				D0E38E762204CB02009774E8 /* Products */,
			);
			sourceTree = "<group>";
		};
		D0E38E762204CB02009774E8 /* Products */ = {
			isa = PBXGroup;
			children = (
				D0E38E752204CB02009774E8 /* Fit Lyfe.app */,
				D0E38E892204CB05009774E8 /* Fit LyfeTests.xctest */,
				D0E38E942204CB05009774E8 /* Fit LyfeUITests.xctest */,
			);
			name = Products;
			sourceTree = "<group>";
		};
		D0E38E772204CB02009774E8 /* Fit Lyfe */ = {
			isa = PBXGroup;
			children = (
				D0E38E782204CB02009774E8 /* AppDelegate.swift */,
				D0E38E7A2204CB02009774E8 /* BaseViewController.swift */,
				D0E38EA6220E60C9009774E8 /* HomePageVC.swift */,
				D0E38E7F2204CB05009774E8 /* Assets.xcassets */,
				D0E38E812204CB05009774E8 /* LaunchScreen.storyboard */,
				D0E38E842204CB05009774E8 /* Info.plist */,
			);
			path = "Fit Lyfe";
			sourceTree = "<group>";
		};
		D0E38E8C2204CB05009774E8 /* Fit LyfeTests */ = {
			isa = PBXGroup;
			children = (
				D0E38E8D2204CB05009774E8 /* Fit_LyfeTests.swift */,
				D0E38E8F2204CB05009774E8 /* Info.plist */,
			);
			path = "Fit LyfeTests";
			sourceTree = "<group>";
		};
		D0E38E972204CB05009774E8 /* Fit LyfeUITests */ = {
			isa = PBXGroup;
			children = (
				D0E38E982204CB05009774E8 /* Fit_LyfeUITests.swift */,
				D0E38E9A2204CB05009774E8 /* Info.plist */,
			);
			path = "Fit LyfeUITests";
			sourceTree = "<group>";
		};
/* End PBXGroup section */

/* Begin PBXNativeTarget section */
		D0E38E742204CB02009774E8 /* Fit Lyfe */ = {
			isa = PBXNativeTarget;
			buildConfigurationList = D0E38E9D2204CB05009774E8 /* Build configuration list for PBXNativeTarget "Fit Lyfe" */;
			buildPhases = (
				D0E38E712204CB02009774E8 /* Sources */,
				D0E38E722204CB02009774E8 /* Frameworks */,
				D0E38E732204CB02009774E8 /* Resources */,
			);
			buildRules = (
			);
			dependencies = (
			);
			name = "Fit Lyfe";
			productName = "Fit Lyfe";
			productReference = D0E38E752204CB02009774E8 /* Fit Lyfe.app */;
			productType = "com.apple.product-type.application";
		};
		D0E38E882204CB05009774E8 /* Fit LyfeTests */ = {
			isa = PBXNativeTarget;
			buildConfigurationList = D0E38EA02204CB05009774E8 /* Build configuration list for PBXNativeTarget "Fit LyfeTests" */;
			buildPhases = (
				D0E38E852204CB05009774E8 /* Sources */,
				D0E38E862204CB05009774E8 /* Frameworks */,
				D0E38E872204CB05009774E8 /* Resources */,
			);
			buildRules = (
			);
			dependencies = (
				D0E38E8B2204CB05009774E8 /* PBXTargetDependency */,
			);
			name = "Fit LyfeTests";
			productName = "Fit LyfeTests";
			productReference = D0E38E892204CB05009774E8 /* Fit LyfeTests.xctest */;
			productType = "com.apple.product-type.bundle.unit-test";
		};
		D0E38E932204CB05009774E8 /* Fit LyfeUITests */ = {
			isa = PBXNativeTarget;
			buildConfigurationList = D0E38EA32204CB05009774E8 /* Build configuration list for PBXNativeTarget "Fit LyfeUITests" */;
			buildPhases = (
				D0E38E902204CB05009774E8 /* Sources */,
				D0E38E912204CB05009774E8 /* Frameworks */,
				D0E38E922204CB05009774E8 /* Resources */,
			);
			buildRules = (
			);
			dependencies = (
				D0E38E962204CB05009774E8 /* PBXTargetDependency */,
			);
			name = "Fit LyfeUITests";
			productName = "Fit LyfeUITests";
			productReference = D0E38E942204CB05009774E8 /* Fit LyfeUITests.xctest */;
			productType = "com.apple.product-type.bundle.ui-testing";
		};
/* End PBXNativeTarget section */

/* Begin PBXProject section */
		D0E38E6D2204CB02009774E8 /* Project object */ = {
			isa = PBXProject;
			attributes = {
				LastSwiftUpdateCheck = 1010;
				LastUpgradeCheck = 1010;
				ORGANIZATIONNAME = "Alexis Orellano";
				TargetAttributes = {
					D0E38E742204CB02009774E8 = {
						CreatedOnToolsVersion = 10.1;
					};
					D0E38E882204CB05009774E8 = {
						CreatedOnToolsVersion = 10.1;
						TestTargetID = D0E38E742204CB02009774E8;
					};
					D0E38E932204CB05009774E8 = {
						CreatedOnToolsVersion = 10.1;
						TestTargetID = D0E38E742204CB02009774E8;
					};
				};
			};
			buildConfigurationList = D0E38E702204CB02009774E8 /* Build configuration list for PBXProject "Fit Lyfe" */;
			compatibilityVersion = "Xcode 9.3";
			developmentRegion = en;
			hasScannedForEncodings = 0;
			knownRegions = (
				en,
				Base,
			);
			mainGroup = D0E38E6C2204CB02009774E8;
			productRefGroup = D0E38E762204CB02009774E8 /* Products */;
			projectDirPath = "";
			projectRoot = "";
			targets = (
				D0E38E742204CB02009774E8 /* Fit Lyfe */,
				D0E38E882204CB05009774E8 /* Fit LyfeTests */,
				D0E38E932204CB05009774E8 /* Fit LyfeUITests */,
			);
		};
/* End PBXProject section */

/* Begin PBXResourcesBuildPhase section */
		D0E38E732204CB02009774E8 /* Resources */ = {
			isa = PBXResourcesBuildPhase;
			buildActionMask = 2147483647;
			files = (
				D0E38E832204CB05009774E8 /* LaunchScreen.storyboard in Resources */,
				D0E38E802204CB05009774E8 /* Assets.xcassets in Resources */,
			);
			runOnlyForDeploymentPostprocessing = 0;
		};
		D0E38E872204CB05009774E8 /* Resources */ = {
			isa = PBXResourcesBuildPhase;
			buildActionMask = 2147483647;
			files = (
			);
			runOnlyForDeploymentPostprocessing = 0;
		};
		D0E38E922204CB05009774E8 /* Resources */ = {
			isa = PBXResourcesBuildPhase;
			buildActionMask = 2147483647;
			files = (
			);
			runOnlyForDeploymentPostprocessing = 0;
		};
/* End PBXResourcesBuildPhase section */

/* Begin PBXSourcesBuildPhase section */
		D0E38E712204CB02009774E8 /* Sources */ = {
			isa = PBXSourcesBuildPhase;
			buildActionMask = 2147483647;
			files = (
				D0E38E7B2204CB02009774E8 /* BaseViewController.swift in Sources */,
				D0E38E792204CB02009774E8 /* AppDelegate.swift in Sources */,
				D0E38EA7220E60C9009774E8 /* HomePageVC.swift in Sources */,
			);
			runOnlyForDeploymentPostprocessing = 0;
		};
		D0E38E852204CB05009774E8 /* Sources */ = {
			isa = PBXSourcesBuildPhase;
			buildActionMask = 2147483647;
			files = (
				D0E38E8E2204CB05009774E8 /* Fit_LyfeTests.swift in Sources */,
			);
			runOnlyForDeploymentPostprocessing = 0;
		};
		D0E38E902204CB05009774E8 /* Sources */ = {
			isa = PBXSourcesBuildPhase;
			buildActionMask = 2147483647;
			files = (
				D0E38E992204CB05009774E8 /* Fit_LyfeUITests.swift in Sources */,
			);
			runOnlyForDeploymentPostprocessing = 0;
		};
/* End PBXSourcesBuildPhase section */

/* Begin PBXTargetDependency section */
		D0E38E8B2204CB05009774E8 /* PBXTargetDependency */ = {
			isa = PBXTargetDependency;
			target = D0E38E742204CB02009774E8 /* Fit Lyfe */;
			targetProxy = D0E38E8A2204CB05009774E8 /* PBXContainerItemProxy */;
		};
		D0E38E962204CB05009774E8 /* PBXTargetDependency */ = {
			isa = PBXTargetDependency;
			target = D0E38E742204CB02009774E8 /* Fit Lyfe */;
			targetProxy = D0E38E952204CB05009774E8 /* PBXContainerItemProxy */;
		};
/* End PBXTargetDependency section */

/* Begin PBXVariantGroup section */
		D0E38E812204CB05009774E8 /* LaunchScreen.storyboard */ = {
			isa = PBXVariantGroup;
			children = (
				D0E38E822204CB05009774E8 /* Base */,
			);
			name = LaunchScreen.storyboard;
			sourceTree = "<group>";
		};
/* End PBXVariantGroup section */

/* Begin XCBuildConfiguration section */
		D0E38E9B2204CB05009774E8 /* Debug */ = {
			isa = XCBuildConfiguration;
			buildSettings = {
				ALWAYS_SEARCH_USER_PATHS = NO;
				CLANG_ANALYZER_NONNULL = YES;
				CLANG_ANALYZER_NUMBER_OBJECT_CONVERSION = YES_AGGRESSIVE;
				CLANG_CXX_LANGUAGE_STANDARD = "gnu++14";
				CLANG_CXX_LIBRARY = "libc++";
				CLANG_ENABLE_MODULES = YES;
				CLANG_ENABLE_OBJC_ARC = YES;
				CLANG_ENABLE_OBJC_WEAK = YES;
				CLANG_WARN_BLOCK_CAPTURE_AUTORELEASING = YES;
				CLANG_WARN_BOOL_CONVERSION = YES;
				CLANG_WARN_COMMA = YES;
				CLANG_WARN_CONSTANT_CONVERSION = YES;
				CLANG_WARN_DEPRECATED_OBJC_IMPLEMENTATIONS = YES;
				CLANG_WARN_DIRECT_OBJC_ISA_USAGE = YES_ERROR;
				CLANG_WARN_DOCUMENTATION_COMMENTS = YES;
				CLANG_WARN_EMPTY_BODY = YES;
				CLANG_WARN_ENUM_CONVERSION = YES;
				CLANG_WARN_INFINITE_RECURSION = YES;
				CLANG_WARN_INT_CONVERSION = YES;
				CLANG_WARN_NON_LITERAL_NULL_CONVERSION = YES;
				CLANG_WARN_OBJC_IMPLICIT_RETAIN_SELF = YES;
				CLANG_WARN_OBJC_LITERAL_CONVERSION = YES;
				CLANG_WARN_OBJC_ROOT_CLASS = YES_ERROR;
				CLANG_WARN_RANGE_LOOP_ANALYSIS = YES;
				CLANG_WARN_STRICT_PROTOTYPES = YES;
				CLANG_WARN_SUSPICIOUS_MOVE = YES;
				CLANG_WARN_UNGUARDED_AVAILABILITY = YES_AGGRESSIVE;
				CLANG_WARN_UNREACHABLE_CODE = YES;
				CLANG_WARN__DUPLICATE_METHOD_MATCH = YES;
				CODE_SIGN_IDENTITY = "iPhone Developer";
				COPY_PHASE_STRIP = NO;
				DEBUG_INFORMATION_FORMAT = dwarf;
				ENABLE_STRICT_OBJC_MSGSEND = YES;
				ENABLE_TESTABILITY = YES;
				GCC_C_LANGUAGE_STANDARD = gnu11;
				GCC_DYNAMIC_NO_PIC = NO;
				GCC_NO_COMMON_BLOCKS = YES;
				GCC_OPTIMIZATION_LEVEL = 0;
				GCC_PREPROCESSOR_DEFINITIONS = (
					"DEBUG=1",
					"$(inherited)",
				);
				GCC_WARN_64_TO_32_BIT_CONVERSION = YES;
				GCC_WARN_ABOUT_RETURN_TYPE = YES_ERROR;
				GCC_WARN_UNDECLARED_SELECTOR = YES;
				GCC_WARN_UNINITIALIZED_AUTOS = YES_AGGRESSIVE;
				GCC_WARN_UNUSED_FUNCTION = YES;
				GCC_WARN_UNUSED_VARIABLE = YES;
				IPHONEOS_DEPLOYMENT_TARGET = 12.1;
				MTL_ENABLE_DEBUG_INFO = INCLUDE_SOURCE;
				MTL_FAST_MATH = YES;
				ONLY_ACTIVE_ARCH = YES;
				SDKROOT = iphoneos;
				SWIFT_ACTIVE_COMPILATION_CONDITIONS = DEBUG;
				SWIFT_OPTIMIZATION_LEVEL = "-Onone";
			};
			name = Debug;
		};
		D0E38E9C2204CB05009774E8 /* Release */ = {
			isa = XCBuildConfiguration;
			buildSettings = {
				ALWAYS_SEARCH_USER_PATHS = NO;
				CLANG_ANALYZER_NONNULL = YES;
				CLANG_ANALYZER_NUMBER_OBJECT_CONVERSION = YES_AGGRESSIVE;
				CLANG_CXX_LANGUAGE_STANDARD = "gnu++14";
				CLANG_CXX_LIBRARY = "libc++";
				CLANG_ENABLE_MODULES = YES;
				CLANG_ENABLE_OBJC_ARC = YES;
				CLANG_ENABLE_OBJC_WEAK = YES;
				CLANG_WARN_BLOCK_CAPTURE_AUTORELEASING = YES;
				CLANG_WARN_BOOL_CONVERSION = YES;
				CLANG_WARN_COMMA = YES;
				CLANG_WARN_CONSTANT_CONVERSION = YES;
				CLANG_WARN_DEPRECATED_OBJC_IMPLEMENTATIONS = YES;
				CLANG_WARN_DIRECT_OBJC_ISA_USAGE = YES_ERROR;
				CLANG_WARN_DOCUMENTATION_COMMENTS = YES;
				CLANG_WARN_EMPTY_BODY = YES;
				CLANG_WARN_ENUM_CONVERSION = YES;
				CLANG_WARN_INFINITE_RECURSION = YES;
				CLANG_WARN_INT_CONVERSION = YES;
				CLANG_WARN_NON_LITERAL_NULL_CONVERSION = YES;
				CLANG_WARN_OBJC_IMPLICIT_RETAIN_SELF = YES;
				CLANG_WARN_OBJC_LITERAL_CONVERSION = YES;
				CLANG_WARN_OBJC_ROOT_CLASS = YES_ERROR;
				CLANG_WARN_RANGE_LOOP_ANALYSIS = YES;
				CLANG_WARN_STRICT_PROTOTYPES = YES;
				CLANG_WARN_SUSPICIOUS_MOVE = YES;
				CLANG_WARN_UNGUARDED_AVAILABILITY = YES_AGGRESSIVE;
				CLANG_WARN_UNREACHABLE_CODE = YES;
				CLANG_WARN__DUPLICATE_METHOD_MATCH = YES;
				CODE_SIGN_IDENTITY = "iPhone Developer";
				COPY_PHASE_STRIP = NO;
				DEBUG_INFORMATION_FORMAT = "dwarf-with-dsym";
				ENABLE_NS_ASSERTIONS = NO;
				ENABLE_STRICT_OBJC_MSGSEND = YES;
				GCC_C_LANGUAGE_STANDARD = gnu11;
				GCC_NO_COMMON_BLOCKS = YES;
				GCC_WARN_64_TO_32_BIT_CONVERSION = YES;
				GCC_WARN_ABOUT_RETURN_TYPE = YES_ERROR;
				GCC_WARN_UNDECLARED_SELECTOR = YES;
				GCC_WARN_UNINITIALIZED_AUTOS = YES_AGGRESSIVE;
				GCC_WARN_UNUSED_FUNCTION = YES;
				GCC_WARN_UNUSED_VARIABLE = YES;
				IPHONEOS_DEPLOYMENT_TARGET = 12.1;
				MTL_ENABLE_DEBUG_INFO = NO;
				MTL_FAST_MATH = YES;
				SDKROOT = iphoneos;
				SWIFT_COMPILATION_MODE = wholemodule;
				SWIFT_OPTIMIZATION_LEVEL = "-O";
				VALIDATE_PRODUCT = YES;
			};
			name = Release;
		};
		D0E38E9E2204CB05009774E8 /* Debug */ = {
			isa = XCBuildConfiguration;
			buildSettings = {
				ASSETCATALOG_COMPILER_APPICON_NAME = AppIcon;
				CODE_SIGN_STYLE = Automatic;
				DEVELOPMENT_TEAM = S7297N2DPU;
				INFOPLIST_FILE = "Fit Lyfe/Info.plist";
				LD_RUNPATH_SEARCH_PATHS = (
					"$(inherited)",
					"@executable_path/Frameworks",
				);
				PRODUCT_BUNDLE_IDENTIFIER = "Alexis.Fit-Lyfe";
				PRODUCT_NAME = "$(TARGET_NAME)";
				SWIFT_VERSION = 4.2;
				TARGETED_DEVICE_FAMILY = "1,2";
			};
			name = Debug;
		};
		D0E38E9F2204CB05009774E8 /* Release */ = {
			isa = XCBuildConfiguration;
			buildSettings = {
				ASSETCATALOG_COMPILER_APPICON_NAME = AppIcon;
				CODE_SIGN_STYLE = Automatic;
				DEVELOPMENT_TEAM = S7297N2DPU;
				INFOPLIST_FILE = "Fit Lyfe/Info.plist";
				LD_RUNPATH_SEARCH_PATHS = (
					"$(inherited)",
					"@executable_path/Frameworks",
				);
				PRODUCT_BUNDLE_IDENTIFIER = "Alexis.Fit-Lyfe";
				PRODUCT_NAME = "$(TARGET_NAME)";
				SWIFT_VERSION = 4.2;
				TARGETED_DEVICE_FAMILY = "1,2";
			};
			name = Release;
		};
		D0E38EA12204CB05009774E8 /* Debug */ = {
			isa = XCBuildConfiguration;
			buildSettings = {
				ALWAYS_EMBED_SWIFT_STANDARD_LIBRARIES = YES;
				BUNDLE_LOADER = "$(TEST_HOST)";
				CODE_SIGN_STYLE = Automatic;
				DEVELOPMENT_TEAM = S7297N2DPU;
				INFOPLIST_FILE = "Fit LyfeTests/Info.plist";
				LD_RUNPATH_SEARCH_PATHS = (
					"$(inherited)",
					"@executable_path/Frameworks",
					"@loader_path/Frameworks",
				);
				PRODUCT_BUNDLE_IDENTIFIER = "Alexis.Fit-LyfeTests";
				PRODUCT_NAME = "$(TARGET_NAME)";
				SWIFT_VERSION = 4.2;
				TARGETED_DEVICE_FAMILY = "1,2";
				TEST_HOST = "$(BUILT_PRODUCTS_DIR)/Fit Lyfe.app/Fit Lyfe";
			};
			name = Debug;
		};
		D0E38EA22204CB05009774E8 /* Release */ = {
			isa = XCBuildConfiguration;
			buildSettings = {
				ALWAYS_EMBED_SWIFT_STANDARD_LIBRARIES = YES;
				BUNDLE_LOADER = "$(TEST_HOST)";
				CODE_SIGN_STYLE = Automatic;
				DEVELOPMENT_TEAM = S7297N2DPU;
				INFOPLIST_FILE = "Fit LyfeTests/Info.plist";
				LD_RUNPATH_SEARCH_PATHS = (
					"$(inherited)",
					"@executable_path/Frameworks",
					"@loader_path/Frameworks",
				);
				PRODUCT_BUNDLE_IDENTIFIER = "Alexis.Fit-LyfeTests";
				PRODUCT_NAME = "$(TARGET_NAME)";
				SWIFT_VERSION = 4.2;
				TARGETED_DEVICE_FAMILY = "1,2";
				TEST_HOST = "$(BUILT_PRODUCTS_DIR)/Fit Lyfe.app/Fit Lyfe";
			};
			name = Release;
		};
		D0E38EA42204CB05009774E8 /* Debug */ = {
			isa = XCBuildConfiguration;
			buildSettings = {
				ALWAYS_EMBED_SWIFT_STANDARD_LIBRARIES = YES;
				CODE_SIGN_STYLE = Automatic;
				DEVELOPMENT_TEAM = S7297N2DPU;
				INFOPLIST_FILE = "Fit LyfeUITests/Info.plist";
				LD_RUNPATH_SEARCH_PATHS = (
					"$(inherited)",
					"@executable_path/Frameworks",
					"@loader_path/Frameworks",
				);
				PRODUCT_BUNDLE_IDENTIFIER = "Alexis.Fit-LyfeUITests";
				PRODUCT_NAME = "$(TARGET_NAME)";
				SWIFT_VERSION = 4.2;
				TARGETED_DEVICE_FAMILY = "1,2";
				TEST_TARGET_NAME = "Fit Lyfe";
			};
			name = Debug;
		};
		D0E38EA52204CB05009774E8 /* Release */ = {
			isa = XCBuildConfiguration;
			buildSettings = {
				ALWAYS_EMBED_SWIFT_STANDARD_LIBRARIES = YES;
				CODE_SIGN_STYLE = Automatic;
				DEVELOPMENT_TEAM = S7297N2DPU;
				INFOPLIST_FILE = "Fit LyfeUITests/Info.plist";
				LD_RUNPATH_SEARCH_PATHS = (
					"$(inherited)",
					"@executable_path/Frameworks",
					"@loader_path/Frameworks",
				);
				PRODUCT_BUNDLE_IDENTIFIER = "Alexis.Fit-LyfeUITests";
				PRODUCT_NAME = "$(TARGET_NAME)";
				SWIFT_VERSION = 4.2;
				TARGETED_DEVICE_FAMILY = "1,2";
				TEST_TARGET_NAME = "Fit Lyfe";
			};
			name = Release;
		};
/* End XCBuildConfiguration section */

/* Begin XCConfigurationList section */
		D0E38E702204CB02009774E8 /* Build configuration list for PBXProject "Fit Lyfe" */ = {
			isa = XCConfigurationList;
			buildConfigurations = (
				D0E38E9B2204CB05009774E8 /* Debug */,
				D0E38E9C2204CB05009774E8 /* Release */,
			);
			defaultConfigurationIsVisible = 0;
			defaultConfigurationName = Release;
		};
		D0E38E9D2204CB05009774E8 /* Build configuration list for PBXNativeTarget "Fit Lyfe" */ = {
			isa = XCConfigurationList;
			buildConfigurations = (
				D0E38E9E2204CB05009774E8 /* Debug */,
				D0E38E9F2204CB05009774E8 /* Release */,
			);
			defaultConfigurationIsVisible = 0;
			defaultConfigurationName = Release;
		};
		D0E38EA02204CB05009774E8 /* Build configuration list for PBXNativeTarget "Fit LyfeTests" */ = {
			isa = XCConfigurationList;
			buildConfigurations = (
				D0E38EA12204CB05009774E8 /* Debug */,
				D0E38EA22204CB05009774E8 /* Release */,
			);
			defaultConfigurationIsVisible = 0;
			defaultConfigurationName = Release;
		};
		D0E38EA32204CB05009774E8 /* Build configuration list for PBXNativeTarget "Fit LyfeUITests" */ = {
			isa = XCConfigurationList;
			buildConfigurations = (
				D0E38EA42204CB05009774E8 /* Debug */,
				D0E38EA52204CB05009774E8 /* Release */,
			);
			defaultConfigurationIsVisible = 0;
			defaultConfigurationName = Release;
		};
/* End XCConfigurationList section */
	};
	rootObject = D0E38E6D2204CB02009774E8 /* Project object */;
}
